{
  "version": 4,
  "terraform_version": "1.3.8",
  "serial": 5,
  "lineage": "e566f2e0-2d18-f425-e84d-40bd7e628355",
  "outputs": {
    "name": {
      "value": [
        4499656,
        4499656,
        4499656
      ],
      "type": [
        "tuple",
        [
          "number",
          "number",
          "number"
        ]
      ]
    }
  },
  "resources": [
    {
      "module": "module.alert_resource",
      "mode": "managed",
      "type": "newrelic_alert_policy",
      "name": "alert",
      "provider": "module.alert_resource.provider[\"registry.terraform.io/newrelic/newrelic\"]",
      "instances": [
        {
          "schema_version": 0,
          "attributes": {
            "account_id": 3930391,
            "channel_ids": null,
            "id": "4499656",
            "incident_preference": "PER_POLICY",
            "name": "SachinPolicy1"
          },
          "sensitive_attributes": [],
          "private": "bnVsbA=="
        }
      ]
    },
    {
      "module": "module.alert_resource",
      "mode": "managed",
      "type": "newrelic_nrql_alert_condition",
      "name": "FirstTest",
      "provider": "module.alert_resource.provider[\"registry.terraform.io/newrelic/newrelic\"]",
      "instances": [
        {
          "index_key": 0,
          "schema_version": 0,
          "attributes": {
            "account_id": 3930391,
            "aggregation_delay": "120",
            "aggregation_method": "event_flow",
            "aggregation_timer": null,
            "aggregation_window": 60,
            "baseline_direction": null,
            "close_violations_on_expiration": false,
            "critical": [
              {
                "duration": 0,
                "operator": "above",
                "threshold": 5.5,
                "threshold_duration": 300,
                "threshold_occurrences": "all",
                "time_function": ""
              }
            ],
            "description": "Alert when transactions are taking too long",
            "enabled": true,
            "entity_guid": "MzkzMDM5MXxBSU9QU3xDT05ESVRJT058MzQwOTExNzY",
            "evaluation_delay": null,
            "expiration_duration": 0,
            "fill_option": "none",
            "fill_value": 0,
            "id": "4499656:34091176",
            "name": "first_Conditation",
            "nrql": [
              {
                "evaluation_offset": 0,
                "query": "SELECT average(host.cpuPercent) AS 'CPU used %' FROM Metric WHERE `entityGuid` = 'MzkzMzUyOHxJTkZSQXxOQXwyMjc2MjE3MDc2MTMwMzAzMTA'",
                "since_value": ""
              }
            ],
            "open_violation_on_expiration": false,
            "policy_id": 4499656,
            "runbook_url": "https://www.example.com",
            "slide_by": null,
            "term": [],
            "timeouts": null,
            "type": "static",
            "violation_time_limit": "ONE_HOUR",
            "violation_time_limit_seconds": 3600,
            "warning": []
          },
          "sensitive_attributes": [],
          "private": "eyJlMmJmYjczMC1lY2FhLTExZTYtOGY4OC0zNDM2M2JjN2M0YzAiOnsiY3JlYXRlIjozMDAwMDAwMDAwMH19",
          "dependencies": [
            "module.alert_resource.newrelic_alert_policy.alert"
          ]
        },
        {
          "index_key": 1,
          "schema_version": 0,
          "attributes": {
            "account_id": 3930391,
            "aggregation_delay": "120",
            "aggregation_method": "event_flow",
            "aggregation_timer": null,
            "aggregation_window": 60,
            "baseline_direction": null,
            "close_violations_on_expiration": false,
            "critical": [
              {
                "duration": 0,
                "operator": "above",
                "threshold": 5.5,
                "threshold_duration": 300,
                "threshold_occurrences": "all",
                "time_function": ""
              }
            ],
            "description": "Alert when transactions are taking too long",
            "enabled": true,
            "entity_guid": "MzkzMDM5MXxBSU9QU3xDT05ESVRJT058MzQwOTExNzI",
            "evaluation_delay": null,
            "expiration_duration": 0,
            "fill_option": "none",
            "fill_value": 0,
            "id": "4499656:34091172",
            "name": "Second_Conditation",
            "nrql": [
              {
                "evaluation_offset": 0,
                "query": "SELECT average(host.cpuPercent) AS 'CPU used %' FROM Metric WHERE `entityGuid` = 'MzkzMzUyOHxJTkZSQXxOQXwyMjc2MjE3MDc2MTMwMzAzMTA'",
                "since_value": ""
              }
            ],
            "open_violation_on_expiration": false,
            "policy_id": 4499656,
            "runbook_url": "https://www.example.com",
            "slide_by": null,
            "term": [],
            "timeouts": null,
            "type": "static",
            "violation_time_limit": "ONE_HOUR",
            "violation_time_limit_seconds": 3600,
            "warning": []
          },
          "sensitive_attributes": [],
          "private": "eyJlMmJmYjczMC1lY2FhLTExZTYtOGY4OC0zNDM2M2JjN2M0YzAiOnsiY3JlYXRlIjozMDAwMDAwMDAwMH19",
          "dependencies": [
            "module.alert_resource.newrelic_alert_policy.alert"
          ]
        },
        {
          "index_key": 2,
          "schema_version": 0,
          "attributes": {
            "account_id": 3930391,
            "aggregation_delay": "120",
            "aggregation_method": "event_flow",
            "aggregation_timer": null,
            "aggregation_window": 60,
            "baseline_direction": null,
            "close_violations_on_expiration": false,
            "critical": [
              {
                "duration": 0,
                "operator": "above",
                "threshold": 5.5,
                "threshold_duration": 300,
                "threshold_occurrences": "all",
                "time_function": ""
              }
            ],
            "description": "Alert when transactions are taking too long",
            "enabled": true,
            "entity_guid": "MzkzMDM5MXxBSU9QU3xDT05ESVRJT058MzQwOTExNzQ",
            "evaluation_delay": null,
            "expiration_duration": 0,
            "fill_option": "none",
            "fill_value": 0,
            "id": "4499656:34091174",
            "name": "Third_Conditation",
            "nrql": [
              {
                "evaluation_offset": 0,
                "query": "SELECT average(host.cpuPercent) AS 'CPU used %' FROM Metric WHERE `entityGuid` = 'MzkzMzUyOHxJTkZSQXxOQXwyMjc2MjE3MDc2MTMwMzAzMTA'",
                "since_value": ""
              }
            ],
            "open_violation_on_expiration": false,
            "policy_id": 4499656,
            "runbook_url": "https://www.example.com",
            "slide_by": null,
            "term": [],
            "timeouts": null,
            "type": "static",
            "violation_time_limit": "ONE_HOUR",
            "violation_time_limit_seconds": 3600,
            "warning": []
          },
          "sensitive_attributes": [],
          "private": "eyJlMmJmYjczMC1lY2FhLTExZTYtOGY4OC0zNDM2M2JjN2M0YzAiOnsiY3JlYXRlIjozMDAwMDAwMDAwMH19",
          "dependencies": [
            "module.alert_resource.newrelic_alert_policy.alert"
          ]
        }
      ]
    }
  ],
  "check_results": null
}
